{
  "nodes": {
    "nixpkgs": {
      "locked": {
        "lastModified": 1659445012,
        "narHash": "sha256-n8/7npmp3hLbPSTRHPW8EPO8qh9vJ10RgkRM3Ve4vfc=",
        "owner": "NixOS",
        "repo": "nixpkgs",
        "rev": "a9f66ae640146ac16b6e33d2359e9171b27b0993",
        "type": "github"
      },
      "original": {
        "owner": "NixOS",
        "ref": "nixos-22.05",
        "repo": "nixpkgs",
        "type": "github"
      }
    },
    "nixpkgs-old": {
      "locked": {
        "lastModified": 1659375853,
        "narHash": "sha256-aiMfO6U1w1u93vB+5qCHCQDZKgpJ7qs4GJOQvI3CN/4=",
        "owner": "NixOS",
        "repo": "nixpkgs",
        "rev": "511f6a5c3248f9019a41e70c1891484de2bc906c",
        "type": "github"
      },
      "original": {
        "owner": "NixOS",
        "ref": "nixos-21.11",
        "repo": "nixpkgs",
        "type": "github"
      }
    },
    "nixpkgs-unstable": {
      "locked": {
        "lastModified": 1659494082,
        "narHash": "sha256-XRwMisQY/BcvDMDRVkd4n3/CT89HOtlPgWIQUNPvWSc=",
        "owner": "NixOS",
        "repo": "nixpkgs",
        "rev": "8c7576622aeb4707351a17e83429667f42e7d910",
        "type": "github"
      },
      "original": {
        "owner": "NixOS",
        "ref": "nixpkgs-unstable",
        "repo": "nixpkgs",
        "type": "github"
      }
    },
    "root": {
      "inputs": {
        "nixpkgs": "nixpkgs",
        "nixpkgs-old": "nixpkgs-old",
        "nixpkgs-unstable": "nixpkgs-unstable"
      }
    }
  },
  "root": "root",
  "version": 7
}
