{
  "nodes": {
    "nixpkgs": {
      "locked": {
        "lastModified": 1688764204,
        "narHash": "sha256-FsvK+tIvelCI0tWwlMDKfiyb7P/KfxpGbXMrdCKiT8s=",
        "owner": "NixOS",
        "repo": "nixpkgs",
        "rev": "d8bb6c681cf86265fdcf3cc3119f757bbb085835",
        "type": "github"
      },
      "original": {
        "owner": "NixOS",
        "ref": "nixos-23.05",
        "repo": "nixpkgs",
        "type": "github"
      }
    },
    "nixpkgs-unstable": {
      "locked": {
        "lastModified": 1688859638,
        "narHash": "sha256-GyRhX8GlTQqDWx43uBFEYEQ/WKEqDwjzABHxUCatAno=",
        "owner": "NixOS",
        "repo": "nixpkgs",
        "rev": "d485da9d0034a72ceb9679c2ab0156c073f66b82",
        "type": "github"
      },
      "original": {
        "owner": "NixOS",
        "ref": "nixpkgs-unstable",
        "repo": "nixpkgs",
        "type": "github"
      }
    },
    "root": {
      "inputs": {
        "nixpkgs": "nixpkgs",
        "nixpkgs-unstable": "nixpkgs-unstable"
      }
    }
  },
  "root": "root",
  "version": 7
}
